
Microsoft Visual Studio Solution File, Format Version 12.00
# Visual Studio Version 16
VisualStudioVersion = 16.0.31702.278
MinimumVisualStudioVersion = 10.0.40219.1
Project("{8BC9CEB8-8B4A-11D0-8D11-00A0C91BC942}") = "3", "3\3.vcxproj", "{3016A327-912F-4F0A-99D4-1BB8D90CD9CE}"
EndProject
Project("{8BC9CEB8-8B4A-11D0-8D11-00A0C91BC942}") = "3.1", "3.1\3.1.vcxproj", "{9A8A5CF8-A0F6-414B-9AB2-65484B2BD393}"
EndProject
Project("{8BC9CEB8-8B4A-11D0-8D11-00A0C91BC942}") = "3.2", "3.2\3.2.vcxproj", "{6806D5F0-C501-478F-81DE-11C4D0205D6F}"
EndProject
Project("{8BC9CEB8-8B4A-11D0-8D11-00A0C91BC942}") = "3.3", "3.3\3.3.vcxproj", "{4C1B0C30-90F2-462E-833E-CB3C18E524B3}"
EndProject
Project("{8BC9CEB8-8B4A-11D0-8D11-00A0C91BC942}") = "3.4", "3.4\3.4.vcxproj", "{74E2E228-8A0B-440F-9F0D-BCE45CA6E48A}"
EndProject
Project("{8BC9CEB8-8B4A-11D0-8D11-00A0C91BC942}") = "3.5", "3.5\3.5.vcxproj", "{8B11FF1E-A875-4C7A-8AB5-F7CE042D78ED}"
EndProject
Project("{8BC9CEB8-8B4A-11D0-8D11-00A0C91BC942}") = "3.6", "3.6\3.6.vcxproj", "{E8F25CB1-62D4-4E39-8114-0C76CA613E18}"
EndProject
Project("{8BC9CEB8-8B4A-11D0-8D11-00A0C91BC942}") = "3.7", "3.7\3.7.vcxproj", "{17A49EA0-E462-4C50-848F-90D0DD9C292F}"
EndProject
Project("{8BC9CEB8-8B4A-11D0-8D11-00A0C91BC942}") = "3.8", "3.8\3.8.vcxproj", "{C1E00B87-8BD9-401D-9089-BD546AB4D177}"
EndProject
Project("{8BC9CEB8-8B4A-11D0-8D11-00A0C91BC942}") = "3.9", "3.9\3.9.vcxproj", "{B4380610-A3F7-4055-BC7F-03037FEEF26F}"
EndProject
Global
	GlobalSection(SolutionConfigurationPlatforms) = preSolution
		Debug|x64 = Debug|x64
		Debug|x86 = Debug|x86
		Release|x64 = Release|x64
		Release|x86 = Release|x86
	EndGlobalSection
	GlobalSection(ProjectConfigurationPlatforms) = postSolution
		{3016A327-912F-4F0A-99D4-1BB8D90CD9CE}.Debug|x64.ActiveCfg = Debug|x64
		{3016A327-912F-4F0A-99D4-1BB8D90CD9CE}.Debug|x64.Build.0 = Debug|x64
		{3016A327-912F-4F0A-99D4-1BB8D90CD9CE}.Debug|x86.ActiveCfg = Debug|Win32
		{3016A327-912F-4F0A-99D4-1BB8D90CD9CE}.Debug|x86.Build.0 = Debug|Win32
		{3016A327-912F-4F0A-99D4-1BB8D90CD9CE}.Release|x64.ActiveCfg = Release|x64
		{3016A327-912F-4F0A-99D4-1BB8D90CD9CE}.Release|x64.Build.0 = Release|x64
		{3016A327-912F-4F0A-99D4-1BB8D90CD9CE}.Release|x86.ActiveCfg = Release|Win32
		{3016A327-912F-4F0A-99D4-1BB8D90CD9CE}.Release|x86.Build.0 = Release|Win32
		{9A8A5CF8-A0F6-414B-9AB2-65484B2BD393}.Debug|x64.ActiveCfg = Debug|x64
		{9A8A5CF8-A0F6-414B-9AB2-65484B2BD393}.Debug|x64.Build.0 = Debug|x64
		{9A8A5CF8-A0F6-414B-9AB2-65484B2BD393}.Debug|x86.ActiveCfg = Debug|Win32
		{9A8A5CF8-A0F6-414B-9AB2-65484B2BD393}.Debug|x86.Build.0 = Debug|Win32
		{9A8A5CF8-A0F6-414B-9AB2-65484B2BD393}.Release|x64.ActiveCfg = Release|x64
		{9A8A5CF8-A0F6-414B-9AB2-65484B2BD393}.Release|x64.Build.0 = Release|x64
		{9A8A5CF8-A0F6-414B-9AB2-65484B2BD393}.Release|x86.ActiveCfg = Release|Win32
		{9A8A5CF8-A0F6-414B-9AB2-65484B2BD393}.Release|x86.Build.0 = Release|Win32
		{6806D5F0-C501-478F-81DE-11C4D0205D6F}.Debug|x64.ActiveCfg = Debug|x64
		{6806D5F0-C501-478F-81DE-11C4D0205D6F}.Debug|x64.Build.0 = Debug|x64
		{6806D5F0-C501-478F-81DE-11C4D0205D6F}.Debug|x86.ActiveCfg = Debug|Win32
		{6806D5F0-C501-478F-81DE-11C4D0205D6F}.Debug|x86.Build.0 = Debug|Win32
		{6806D5F0-C501-478F-81DE-11C4D0205D6F}.Release|x64.ActiveCfg = Release|x64
		{6806D5F0-C501-478F-81DE-11C4D0205D6F}.Release|x64.Build.0 = Release|x64
		{6806D5F0-C501-478F-81DE-11C4D0205D6F}.Release|x86.ActiveCfg = Release|Win32
		{6806D5F0-C501-478F-81DE-11C4D0205D6F}.Release|x86.Build.0 = Release|Win32
		{4C1B0C30-90F2-462E-833E-CB3C18E524B3}.Debug|x64.ActiveCfg = Debug|x64
		{4C1B0C30-90F2-462E-833E-CB3C18E524B3}.Debug|x64.Build.0 = Debug|x64
		{4C1B0C30-90F2-462E-833E-CB3C18E524B3}.Debug|x86.ActiveCfg = Debug|Win32
		{4C1B0C30-90F2-462E-833E-CB3C18E524B3}.Debug|x86.Build.0 = Debug|Win32
		{4C1B0C30-90F2-462E-833E-CB3C18E524B3}.Release|x64.ActiveCfg = Release|x64
		{4C1B0C30-90F2-462E-833E-CB3C18E524B3}.Release|x64.Build.0 = Release|x64
		{4C1B0C30-90F2-462E-833E-CB3C18E524B3}.Release|x86.ActiveCfg = Release|Win32
		{4C1B0C30-90F2-462E-833E-CB3C18E524B3}.Release|x86.Build.0 = Release|Win32
		{74E2E228-8A0B-440F-9F0D-BCE45CA6E48A}.Debug|x64.ActiveCfg = Debug|x64
		{74E2E228-8A0B-440F-9F0D-BCE45CA6E48A}.Debug|x64.Build.0 = Debug|x64
		{74E2E228-8A0B-440F-9F0D-BCE45CA6E48A}.Debug|x86.ActiveCfg = Debug|Win32
		{74E2E228-8A0B-440F-9F0D-BCE45CA6E48A}.Debug|x86.Build.0 = Debug|Win32
		{74E2E228-8A0B-440F-9F0D-BCE45CA6E48A}.Release|x64.ActiveCfg = Release|x64
		{74E2E228-8A0B-440F-9F0D-BCE45CA6E48A}.Release|x64.Build.0 = Release|x64
		{74E2E228-8A0B-440F-9F0D-BCE45CA6E48A}.Release|x86.ActiveCfg = Release|Win32
		{74E2E228-8A0B-440F-9F0D-BCE45CA6E48A}.Release|x86.Build.0 = Release|Win32
		{8B11FF1E-A875-4C7A-8AB5-F7CE042D78ED}.Debug|x64.ActiveCfg = Debug|x64
		{8B11FF1E-A875-4C7A-8AB5-F7CE042D78ED}.Debug|x64.Build.0 = Debug|x64
		{8B11FF1E-A875-4C7A-8AB5-F7CE042D78ED}.Debug|x86.ActiveCfg = Debug|Win32
		{8B11FF1E-A875-4C7A-8AB5-F7CE042D78ED}.Debug|x86.Build.0 = Debug|Win32
		{8B11FF1E-A875-4C7A-8AB5-F7CE042D78ED}.Release|x64.ActiveCfg = Release|x64
		{8B11FF1E-A875-4C7A-8AB5-F7CE042D78ED}.Release|x64.Build.0 = Release|x64
		{8B11FF1E-A875-4C7A-8AB5-F7CE042D78ED}.Release|x86.ActiveCfg = Release|Win32
		{8B11FF1E-A875-4C7A-8AB5-F7CE042D78ED}.Release|x86.Build.0 = Release|Win32
		{E8F25CB1-62D4-4E39-8114-0C76CA613E18}.Debug|x64.ActiveCfg = Debug|x64
		{E8F25CB1-62D4-4E39-8114-0C76CA613E18}.Debug|x64.Build.0 = Debug|x64
		{E8F25CB1-62D4-4E39-8114-0C76CA613E18}.Debug|x86.ActiveCfg = Debug|Win32
		{E8F25CB1-62D4-4E39-8114-0C76CA613E18}.Debug|x86.Build.0 = Debug|Win32
		{E8F25CB1-62D4-4E39-8114-0C76CA613E18}.Release|x64.ActiveCfg = Release|x64
		{E8F25CB1-62D4-4E39-8114-0C76CA613E18}.Release|x64.Build.0 = Release|x64
		{E8F25CB1-62D4-4E39-8114-0C76CA613E18}.Release|x86.ActiveCfg = Release|Win32
		{E8F25CB1-62D4-4E39-8114-0C76CA613E18}.Release|x86.Build.0 = Release|Win32
		{17A49EA0-E462-4C50-848F-90D0DD9C292F}.Debug|x64.ActiveCfg = Debug|x64
		{17A49EA0-E462-4C50-848F-90D0DD9C292F}.Debug|x64.Build.0 = Debug|x64
		{17A49EA0-E462-4C50-848F-90D0DD9C292F}.Debug|x86.ActiveCfg = Debug|Win32
		{17A49EA0-E462-4C50-848F-90D0DD9C292F}.Debug|x86.Build.0 = Debug|Win32
		{17A49EA0-E462-4C50-848F-90D0DD9C292F}.Release|x64.ActiveCfg = Release|x64
		{17A49EA0-E462-4C50-848F-90D0DD9C292F}.Release|x64.Build.0 = Release|x64
		{17A49EA0-E462-4C50-848F-90D0DD9C292F}.Release|x86.ActiveCfg = Release|Win32
		{17A49EA0-E462-4C50-848F-90D0DD9C292F}.Release|x86.Build.0 = Release|Win32
		{C1E00B87-8BD9-401D-9089-BD546AB4D177}.Debug|x64.ActiveCfg = Debug|x64
		{C1E00B87-8BD9-401D-9089-BD546AB4D177}.Debug|x64.Build.0 = Debug|x64
		{C1E00B87-8BD9-401D-9089-BD546AB4D177}.Debug|x86.ActiveCfg = Debug|Win32
		{C1E00B87-8BD9-401D-9089-BD546AB4D177}.Debug|x86.Build.0 = Debug|Win32
		{C1E00B87-8BD9-401D-9089-BD546AB4D177}.Release|x64.ActiveCfg = Release|x64
		{C1E00B87-8BD9-401D-9089-BD546AB4D177}.Release|x64.Build.0 = Release|x64
		{C1E00B87-8BD9-401D-9089-BD546AB4D177}.Release|x86.ActiveCfg = Release|Win32
		{C1E00B87-8BD9-401D-9089-BD546AB4D177}.Release|x86.Build.0 = Release|Win32
		{B4380610-A3F7-4055-BC7F-03037FEEF26F}.Debug|x64.ActiveCfg = Debug|x64
		{B4380610-A3F7-4055-BC7F-03037FEEF26F}.Debug|x64.Build.0 = Debug|x64
		{B4380610-A3F7-4055-BC7F-03037FEEF26F}.Debug|x86.ActiveCfg = Debug|Win32
		{B4380610-A3F7-4055-BC7F-03037FEEF26F}.Debug|x86.Build.0 = Debug|Win32
		{B4380610-A3F7-4055-BC7F-03037FEEF26F}.Release|x64.ActiveCfg = Release|x64
		{B4380610-A3F7-4055-BC7F-03037FEEF26F}.Release|x64.Build.0 = Release|x64
		{B4380610-A3F7-4055-BC7F-03037FEEF26F}.Release|x86.ActiveCfg = Release|Win32
		{B4380610-A3F7-4055-BC7F-03037FEEF26F}.Release|x86.Build.0 = Release|Win32
	EndGlobalSection
	GlobalSection(SolutionProperties) = preSolution
		HideSolutionNode = FALSE
	EndGlobalSection
	GlobalSection(ExtensibilityGlobals) = postSolution
		SolutionGuid = {A07CA41D-96F2-4E92-9C23-7383627D032C}
	EndGlobalSection
EndGlobal
